{
  "version": 4,
  "terraform_version": "1.2.3",
  "serial": 1,
  "lineage": "7cfb92b4-1e18-3ea8-9e30-0fa8efa8fabf",
  "outputs": {},
  "resources": [
    {
      "mode": "managed",
      "type": "docker_image",
      "name": "ubuntu",
      "provider": "provider[\"registry.terraform.io/kreuzwerker/docker\"]",
      "instances": [
        {
          "schema_version": 0,
          "attributes": {
            "build": [],
            "force_remove": null,
            "id": "sha256:6b7dfa7e8fdbe18ad425dd965a1049d984f31cf0ad57fa6d5377cca355e65f03ubuntu:latest",
            "image_id": "sha256:6b7dfa7e8fdbe18ad425dd965a1049d984f31cf0ad57fa6d5377cca355e65f03",
            "keep_locally": null,
            "latest": "sha256:6b7dfa7e8fdbe18ad425dd965a1049d984f31cf0ad57fa6d5377cca355e65f03",
            "name": "ubuntu:latest",
            "output": null,
            "pull_trigger": null,
            "pull_triggers": null,
            "repo_digest": "ubuntu@sha256:27cb6e6ccef575a4698b66f5de06c7ecd61589132d5a91d098f7f3f9285415a9",
            "triggers": null
          },
          "sensitive_attributes": [],
          "private": "bnVsbA=="
        }
      ]
    }
  ]
}
